
Microsoft Visual Studio Solution File, Format Version 12.00
# Visual Studio Version 17
VisualStudioVersion = 17.4.33110.190
MinimumVisualStudioVersion = 10.0.40219.1
Project("{9A19103F-16F7-4668-BE54-9A1E7A4F7556}") = "Library.API", "Library.API\Library.API.csproj", "{BAE2E17F-5DB1-4C37-B736-56A221E3138F}"
EndProject
Project("{FAE04EC0-301F-11D3-BF4B-00C04F79EFBC}") = "Library.DAL", "Library.DAL\Library.DAL.csproj", "{BB1D662A-788B-4869-92F0-61E3BCA67BD2}"
EndProject
Project("{FAE04EC0-301F-11D3-BF4B-00C04F79EFBC}") = "Library.BLL", "Library.BLL\Library.BLL.csproj", "{5FBC741A-5986-4996-8E99-9084A43D04B8}"
EndProject
Global
	GlobalSection(SolutionConfigurationPlatforms) = preSolution
		Debug|Any CPU = Debug|Any CPU
		Release|Any CPU = Release|Any CPU
	EndGlobalSection
	GlobalSection(ProjectConfigurationPlatforms) = postSolution
		{BAE2E17F-5DB1-4C37-B736-56A221E3138F}.Debug|Any CPU.ActiveCfg = Debug|Any CPU
		{BAE2E17F-5DB1-4C37-B736-56A221E3138F}.Debug|Any CPU.Build.0 = Debug|Any CPU
		{BAE2E17F-5DB1-4C37-B736-56A221E3138F}.Release|Any CPU.ActiveCfg = Release|Any CPU
		{BAE2E17F-5DB1-4C37-B736-56A221E3138F}.Release|Any CPU.Build.0 = Release|Any CPU
		{BB1D662A-788B-4869-92F0-61E3BCA67BD2}.Debug|Any CPU.ActiveCfg = Debug|Any CPU
		{BB1D662A-788B-4869-92F0-61E3BCA67BD2}.Debug|Any CPU.Build.0 = Debug|Any CPU
		{BB1D662A-788B-4869-92F0-61E3BCA67BD2}.Release|Any CPU.ActiveCfg = Release|Any CPU
		{BB1D662A-788B-4869-92F0-61E3BCA67BD2}.Release|Any CPU.Build.0 = Release|Any CPU
		{5FBC741A-5986-4996-8E99-9084A43D04B8}.Debug|Any CPU.ActiveCfg = Debug|Any CPU
		{5FBC741A-5986-4996-8E99-9084A43D04B8}.Debug|Any CPU.Build.0 = Debug|Any CPU
		{5FBC741A-5986-4996-8E99-9084A43D04B8}.Release|Any CPU.ActiveCfg = Release|Any CPU
		{5FBC741A-5986-4996-8E99-9084A43D04B8}.Release|Any CPU.Build.0 = Release|Any CPU
	EndGlobalSection
	GlobalSection(SolutionProperties) = preSolution
		HideSolutionNode = FALSE
	EndGlobalSection
	GlobalSection(ExtensibilityGlobals) = postSolution
		SolutionGuid = {E3AFBD6C-C888-4083-ACCA-75297452B8BE}
	EndGlobalSection
EndGlobal
